// !$*UTF8*$!
{
	archiveVersion = 1;
	classes = {
	};
	objectVersion = 50;
	objects = {

/* Begin PBXBuildFile section */
		58285F1020F6188800C542A8 /* EmployeeTableViewCell.m in Sources */ = {isa = PBXBuildFile; fileRef = 58285F0F20F6188800C542A8 /* EmployeeTableViewCell.m */; };
		58AFEABF20F490EF00466896 /* AppDelegate.m in Sources */ = {isa = PBXBuildFile; fileRef = 58AFEABE20F490EF00466896 /* AppDelegate.m */; };
		58AFEAC220F490EF00466896 /* ViewController.m in Sources */ = {isa = PBXBuildFile; fileRef = 58AFEAC120F490EF00466896 /* ViewController.m */; };
		58AFEAC820F490EF00466896 /* Salaries.xcdatamodeld in Sources */ = {isa = PBXBuildFile; fileRef = 58AFEAC620F490EF00466896 /* Salaries.xcdatamodeld */; };
		58AFEACA20F490F200466896 /* Assets.xcassets in Resources */ = {isa = PBXBuildFile; fileRef = 58AFEAC920F490F200466896 /* Assets.xcassets */; };
		58AFEAD020F490F200466896 /* main.m in Sources */ = {isa = PBXBuildFile; fileRef = 58AFEACF20F490F200466896 /* main.m */; };
		58AFEADA20F490F200466896 /* SalariesTests.m in Sources */ = {isa = PBXBuildFile; fileRef = 58AFEAD920F490F200466896 /* SalariesTests.m */; };
		58AFEAE520F490F200466896 /* SalariesUITests.m in Sources */ = {isa = PBXBuildFile; fileRef = 58AFEAE420F490F200466896 /* SalariesUITests.m */; };
		58AFEAF720F494E100466896 /* Employee.m in Sources */ = {isa = PBXBuildFile; fileRef = 58AFEAF620F494E100466896 /* Employee.m */; };
		58AFEAFB20F4953900466896 /* EmployeeDirectory.m in Sources */ = {isa = PBXBuildFile; fileRef = 58AFEAFA20F4953900466896 /* EmployeeDirectory.m */; };
/* End PBXBuildFile section */

/* Begin PBXContainerItemProxy section */
		58AFEAD620F490F200466896 /* PBXContainerItemProxy */ = {
			isa = PBXContainerItemProxy;
			containerPortal = 58AFEAB220F490EF00466896 /* Project object */;
			proxyType = 1;
			remoteGlobalIDString = 58AFEAB920F490EF00466896;
			remoteInfo = Salaries;
		};
		58AFEAE120F490F200466896 /* PBXContainerItemProxy */ = {
			isa = PBXContainerItemProxy;
			containerPortal = 58AFEAB220F490EF00466896 /* Project object */;
			proxyType = 1;
			remoteGlobalIDString = 58AFEAB920F490EF00466896;
			remoteInfo = Salaries;
		};
/* End PBXContainerItemProxy section */

/* Begin PBXFileReference section */
		58285F0E20F6188800C542A8 /* EmployeeTableViewCell.h */ = {isa = PBXFileReference; lastKnownFileType = sourcecode.c.h; path = EmployeeTableViewCell.h; sourceTree = "<group>"; };
		58285F0F20F6188800C542A8 /* EmployeeTableViewCell.m */ = {isa = PBXFileReference; lastKnownFileType = sourcecode.c.objc; path = EmployeeTableViewCell.m; sourceTree = "<group>"; };
		58AFEABA20F490EF00466896 /* Salaries.app */ = {isa = PBXFileReference; explicitFileType = wrapper.application; includeInIndex = 0; path = Salaries.app; sourceTree = BUILT_PRODUCTS_DIR; };
		58AFEABD20F490EF00466896 /* AppDelegate.h */ = {isa = PBXFileReference; lastKnownFileType = sourcecode.c.h; path = AppDelegate.h; sourceTree = "<group>"; };
		58AFEABE20F490EF00466896 /* AppDelegate.m */ = {isa = PBXFileReference; lastKnownFileType = sourcecode.c.objc; path = AppDelegate.m; sourceTree = "<group>"; };
		58AFEAC020F490EF00466896 /* ViewController.h */ = {isa = PBXFileReference; lastKnownFileType = sourcecode.c.h; path = ViewController.h; sourceTree = "<group>"; };
		58AFEAC120F490EF00466896 /* ViewController.m */ = {isa = PBXFileReference; lastKnownFileType = sourcecode.c.objc; path = ViewController.m; sourceTree = "<group>"; };
		58AFEAC720F490EF00466896 /* Salaries.xcdatamodel */ = {isa = PBXFileReference; lastKnownFileType = wrapper.xcdatamodel; path = Salaries.xcdatamodel; sourceTree = "<group>"; };
		58AFEAC920F490F200466896 /* Assets.xcassets */ = {isa = PBXFileReference; lastKnownFileType = folder.assetcatalog; path = Assets.xcassets; sourceTree = "<group>"; };
		58AFEACE20F490F200466896 /* Info.plist */ = {isa = PBXFileReference; lastKnownFileType = text.plist.xml; path = Info.plist; sourceTree = "<group>"; };
		58AFEACF20F490F200466896 /* main.m */ = {isa = PBXFileReference; lastKnownFileType = sourcecode.c.objc; path = main.m; sourceTree = "<group>"; };
		58AFEAD520F490F200466896 /* SalariesTests.xctest */ = {isa = PBXFileReference; explicitFileType = wrapper.cfbundle; includeInIndex = 0; path = SalariesTests.xctest; sourceTree = BUILT_PRODUCTS_DIR; };
		58AFEAD920F490F200466896 /* SalariesTests.m */ = {isa = PBXFileReference; lastKnownFileType = sourcecode.c.objc; path = SalariesTests.m; sourceTree = "<group>"; };
		58AFEADB20F490F200466896 /* Info.plist */ = {isa = PBXFileReference; lastKnownFileType = text.plist.xml; path = Info.plist; sourceTree = "<group>"; };
		58AFEAE020F490F200466896 /* SalariesUITests.xctest */ = {isa = PBXFileReference; explicitFileType = wrapper.cfbundle; includeInIndex = 0; path = SalariesUITests.xctest; sourceTree = BUILT_PRODUCTS_DIR; };
		58AFEAE420F490F200466896 /* SalariesUITests.m */ = {isa = PBXFileReference; lastKnownFileType = sourcecode.c.objc; path = SalariesUITests.m; sourceTree = "<group>"; };
		58AFEAE620F490F200466896 /* Info.plist */ = {isa = PBXFileReference; lastKnownFileType = text.plist.xml; path = Info.plist; sourceTree = "<group>"; };
		58AFEAF520F494E100466896 /* Employee.h */ = {isa = PBXFileReference; lastKnownFileType = sourcecode.c.h; path = Employee.h; sourceTree = "<group>"; };
		58AFEAF620F494E100466896 /* Employee.m */ = {isa = PBXFileReference; lastKnownFileType = sourcecode.c.objc; path = Employee.m; sourceTree = "<group>"; };
		58AFEAF920F4953900466896 /* EmployeeDirectory.h */ = {isa = PBXFileReference; lastKnownFileType = sourcecode.c.h; path = EmployeeDirectory.h; sourceTree = "<group>"; };
		58AFEAFA20F4953900466896 /* EmployeeDirectory.m */ = {isa = PBXFileReference; lastKnownFileType = sourcecode.c.objc; path = EmployeeDirectory.m; sourceTree = "<group>"; };
/* End PBXFileReference section */

/* Begin PBXFrameworksBuildPhase section */
		58AFEAB720F490EF00466896 /* Frameworks */ = {
			isa = PBXFrameworksBuildPhase;
			buildActionMask = 2147483647;
			files = (
			);
			runOnlyForDeploymentPostprocessing = 0;
		};
		58AFEAD220F490F200466896 /* Frameworks */ = {
			isa = PBXFrameworksBuildPhase;
			buildActionMask = 2147483647;
			files = (
			);
			runOnlyForDeploymentPostprocessing = 0;
		};
		58AFEADD20F490F200466896 /* Frameworks */ = {
			isa = PBXFrameworksBuildPhase;
			buildActionMask = 2147483647;
			files = (
			);
			runOnlyForDeploymentPostprocessing = 0;
		};
/* End PBXFrameworksBuildPhase section */

/* Begin PBXGroup section */
		58AFEAB120F490EF00466896 = {
			isa = PBXGroup;
			children = (
				58AFEABC20F490EF00466896 /* Salaries */,
				58AFEAD820F490F200466896 /* SalariesTests */,
				58AFEAE320F490F200466896 /* SalariesUITests */,
				58AFEABB20F490EF00466896 /* Products */,
			);
			sourceTree = "<group>";
		};
		58AFEABB20F490EF00466896 /* Products */ = {
			isa = PBXGroup;
			children = (
				58AFEABA20F490EF00466896 /* Salaries.app */,
				58AFEAD520F490F200466896 /* SalariesTests.xctest */,
				58AFEAE020F490F200466896 /* SalariesUITests.xctest */,
			);
			name = Products;
			sourceTree = "<group>";
		};
		58AFEABC20F490EF00466896 /* Salaries */ = {
			isa = PBXGroup;
			children = (
				58AFEAF820F4952500466896 /* Managers */,
				58AFEAF420F4945D00466896 /* Views */,
				58AFEAF320F4944C00466896 /* Resources */,
				58AFEAF220F4942400466896 /* Models */,
				58AFEABD20F490EF00466896 /* AppDelegate.h */,
				58AFEABE20F490EF00466896 /* AppDelegate.m */,
				58AFEACE20F490F200466896 /* Info.plist */,
			);
			path = Salaries;
			sourceTree = "<group>";
		};
		58AFEAD820F490F200466896 /* SalariesTests */ = {
			isa = PBXGroup;
			children = (
				58AFEAD920F490F200466896 /* SalariesTests.m */,
				58AFEADB20F490F200466896 /* Info.plist */,
			);
			path = SalariesTests;
			sourceTree = "<group>";
		};
		58AFEAE320F490F200466896 /* SalariesUITests */ = {
			isa = PBXGroup;
			children = (
				58AFEAE420F490F200466896 /* SalariesUITests.m */,
				58AFEAE620F490F200466896 /* Info.plist */,
			);
			path = SalariesUITests;
			sourceTree = "<group>";
		};
		58AFEAF220F4942400466896 /* Models */ = {
			isa = PBXGroup;
			children = (
				58AFEAF520F494E100466896 /* Employee.h */,
				58AFEAF620F494E100466896 /* Employee.m */,
			);
			path = Models;
			sourceTree = "<group>";
		};
		58AFEAF320F4944C00466896 /* Resources */ = {
			isa = PBXGroup;
			children = (
				58AFEAC920F490F200466896 /* Assets.xcassets */,
				58AFEACF20F490F200466896 /* main.m */,
				58AFEAC620F490EF00466896 /* Salaries.xcdatamodeld */,
			);
			path = Resources;
			sourceTree = "<group>";
		};
		58AFEAF420F4945D00466896 /* Views */ = {
			isa = PBXGroup;
			children = (
				58AFEAC020F490EF00466896 /* ViewController.h */,
				58AFEAC120F490EF00466896 /* ViewController.m */,
				58285F0E20F6188800C542A8 /* EmployeeTableViewCell.h */,
				58285F0F20F6188800C542A8 /* EmployeeTableViewCell.m */,
			);
			path = Views;
			sourceTree = "<group>";
		};
		58AFEAF820F4952500466896 /* Managers */ = {
			isa = PBXGroup;
			children = (
				58AFEAF920F4953900466896 /* EmployeeDirectory.h */,
				58AFEAFA20F4953900466896 /* EmployeeDirectory.m */,
			);
			path = Managers;
			sourceTree = "<group>";
		};
/* End PBXGroup section */

/* Begin PBXNativeTarget section */
		58AFEAB920F490EF00466896 /* Salaries */ = {
			isa = PBXNativeTarget;
			buildConfigurationList = 58AFEAE920F490F200466896 /* Build configuration list for PBXNativeTarget "Salaries" */;
			buildPhases = (
				58AFEAB620F490EF00466896 /* Sources */,
				58AFEAB720F490EF00466896 /* Frameworks */,
				58AFEAB820F490EF00466896 /* Resources */,
			);
			buildRules = (
			);
			dependencies = (
			);
			name = Salaries;
			productName = Salaries;
			productReference = 58AFEABA20F490EF00466896 /* Salaries.app */;
			productType = "com.apple.product-type.application";
		};
		58AFEAD420F490F200466896 /* SalariesTests */ = {
			isa = PBXNativeTarget;
			buildConfigurationList = 58AFEAEC20F490F200466896 /* Build configuration list for PBXNativeTarget "SalariesTests" */;
			buildPhases = (
				58AFEAD120F490F200466896 /* Sources */,
				58AFEAD220F490F200466896 /* Frameworks */,
				58AFEAD320F490F200466896 /* Resources */,
			);
			buildRules = (
			);
			dependencies = (
				58AFEAD720F490F200466896 /* PBXTargetDependency */,
			);
			name = SalariesTests;
			productName = SalariesTests;
			productReference = 58AFEAD520F490F200466896 /* SalariesTests.xctest */;
			productType = "com.apple.product-type.bundle.unit-test";
		};
		58AFEADF20F490F200466896 /* SalariesUITests */ = {
			isa = PBXNativeTarget;
			buildConfigurationList = 58AFEAEF20F490F200466896 /* Build configuration list for PBXNativeTarget "SalariesUITests" */;
			buildPhases = (
				58AFEADC20F490F200466896 /* Sources */,
				58AFEADD20F490F200466896 /* Frameworks */,
				58AFEADE20F490F200466896 /* Resources */,
			);
			buildRules = (
			);
			dependencies = (
				58AFEAE220F490F200466896 /* PBXTargetDependency */,
			);
			name = SalariesUITests;
			productName = SalariesUITests;
			productReference = 58AFEAE020F490F200466896 /* SalariesUITests.xctest */;
			productType = "com.apple.product-type.bundle.ui-testing";
		};
/* End PBXNativeTarget section */

/* Begin PBXProject section */
		58AFEAB220F490EF00466896 /* Project object */ = {
			isa = PBXProject;
			attributes = {
				LastUpgradeCheck = 0940;
				ORGANIZATIONNAME = Serabisa;
				TargetAttributes = {
					58AFEAB920F490EF00466896 = {
						CreatedOnToolsVersion = 9.4.1;
					};
					58AFEAD420F490F200466896 = {
						CreatedOnToolsVersion = 9.4.1;
						TestTargetID = 58AFEAB920F490EF00466896;
					};
					58AFEADF20F490F200466896 = {
						CreatedOnToolsVersion = 9.4.1;
						TestTargetID = 58AFEAB920F490EF00466896;
					};
				};
			};
			buildConfigurationList = 58AFEAB520F490EF00466896 /* Build configuration list for PBXProject "Salaries" */;
			compatibilityVersion = "Xcode 9.3";
			developmentRegion = en;
			hasScannedForEncodings = 0;
			knownRegions = (
				en,
				Base,
			);
			mainGroup = 58AFEAB120F490EF00466896;
			productRefGroup = 58AFEABB20F490EF00466896 /* Products */;
			projectDirPath = "";
			projectRoot = "";
			targets = (
				58AFEAB920F490EF00466896 /* Salaries */,
				58AFEAD420F490F200466896 /* SalariesTests */,
				58AFEADF20F490F200466896 /* SalariesUITests */,
			);
		};
/* End PBXProject section */

/* Begin PBXResourcesBuildPhase section */
		58AFEAB820F490EF00466896 /* Resources */ = {
			isa = PBXResourcesBuildPhase;
			buildActionMask = 2147483647;
			files = (
				58AFEACA20F490F200466896 /* Assets.xcassets in Resources */,
			);
			runOnlyForDeploymentPostprocessing = 0;
		};
		58AFEAD320F490F200466896 /* Resources */ = {
			isa = PBXResourcesBuildPhase;
			buildActionMask = 2147483647;
			files = (
			);
			runOnlyForDeploymentPostprocessing = 0;
		};
		58AFEADE20F490F200466896 /* Resources */ = {
			isa = PBXResourcesBuildPhase;
			buildActionMask = 2147483647;
			files = (
			);
			runOnlyForDeploymentPostprocessing = 0;
		};
/* End PBXResourcesBuildPhase section */

/* Begin PBXSourcesBuildPhase section */
		58AFEAB620F490EF00466896 /* Sources */ = {
			isa = PBXSourcesBuildPhase;
			buildActionMask = 2147483647;
			files = (
				58AFEAF720F494E100466896 /* Employee.m in Sources */,
				58AFEAC220F490EF00466896 /* ViewController.m in Sources */,
				58AFEABF20F490EF00466896 /* AppDelegate.m in Sources */,
				58AFEAD020F490F200466896 /* main.m in Sources */,
				58AFEAC820F490EF00466896 /* Salaries.xcdatamodeld in Sources */,
				58285F1020F6188800C542A8 /* EmployeeTableViewCell.m in Sources */,
				58AFEAFB20F4953900466896 /* EmployeeDirectory.m in Sources */,
			);
			runOnlyForDeploymentPostprocessing = 0;
		};
		58AFEAD120F490F200466896 /* Sources */ = {
			isa = PBXSourcesBuildPhase;
			buildActionMask = 2147483647;
			files = (
				58AFEADA20F490F200466896 /* SalariesTests.m in Sources */,
			);
			runOnlyForDeploymentPostprocessing = 0;
		};
		58AFEADC20F490F200466896 /* Sources */ = {
			isa = PBXSourcesBuildPhase;
			buildActionMask = 2147483647;
			files = (
				58AFEAE520F490F200466896 /* SalariesUITests.m in Sources */,
			);
			runOnlyForDeploymentPostprocessing = 0;
		};
/* End PBXSourcesBuildPhase section */

/* Begin PBXTargetDependency section */
		58AFEAD720F490F200466896 /* PBXTargetDependency */ = {
			isa = PBXTargetDependency;
			target = 58AFEAB920F490EF00466896 /* Salaries */;
			targetProxy = 58AFEAD620F490F200466896 /* PBXContainerItemProxy */;
		};
		58AFEAE220F490F200466896 /* PBXTargetDependency */ = {
			isa = PBXTargetDependency;
			target = 58AFEAB920F490EF00466896 /* Salaries */;
			targetProxy = 58AFEAE120F490F200466896 /* PBXContainerItemProxy */;
		};
/* End PBXTargetDependency section */

/* Begin XCBuildConfiguration section */
		58AFEAE720F490F200466896 /* Debug */ = {
			isa = XCBuildConfiguration;
			buildSettings = {
				ALWAYS_SEARCH_USER_PATHS = NO;
				CLANG_ANALYZER_NONNULL = YES;
				CLANG_ANALYZER_NUMBER_OBJECT_CONVERSION = YES_AGGRESSIVE;
				CLANG_CXX_LANGUAGE_STANDARD = "gnu++14";
				CLANG_CXX_LIBRARY = "libc++";
				CLANG_ENABLE_MODULES = YES;
				CLANG_ENABLE_OBJC_ARC = YES;
				CLANG_ENABLE_OBJC_WEAK = YES;
				CLANG_WARN_BLOCK_CAPTURE_AUTORELEASING = YES;
				CLANG_WARN_BOOL_CONVERSION = YES;
				CLANG_WARN_COMMA = YES;
				CLANG_WARN_CONSTANT_CONVERSION = YES;
				CLANG_WARN_DEPRECATED_OBJC_IMPLEMENTATIONS = YES;
				CLANG_WARN_DIRECT_OBJC_ISA_USAGE = YES_ERROR;
				CLANG_WARN_DOCUMENTATION_COMMENTS = YES;
				CLANG_WARN_EMPTY_BODY = YES;
				CLANG_WARN_ENUM_CONVERSION = YES;
				CLANG_WARN_INFINITE_RECURSION = YES;
				CLANG_WARN_INT_CONVERSION = YES;
				CLANG_WARN_NON_LITERAL_NULL_CONVERSION = YES;
				CLANG_WARN_OBJC_IMPLICIT_RETAIN_SELF = YES;
				CLANG_WARN_OBJC_LITERAL_CONVERSION = YES;
				CLANG_WARN_OBJC_ROOT_CLASS = YES_ERROR;
				CLANG_WARN_RANGE_LOOP_ANALYSIS = YES;
				CLANG_WARN_STRICT_PROTOTYPES = YES;
				CLANG_WARN_SUSPICIOUS_MOVE = YES;
				CLANG_WARN_UNGUARDED_AVAILABILITY = YES_AGGRESSIVE;
				CLANG_WARN_UNREACHABLE_CODE = YES;
				CLANG_WARN__DUPLICATE_METHOD_MATCH = YES;
				CODE_SIGN_IDENTITY = "iPhone Developer";
				COPY_PHASE_STRIP = NO;
				DEBUG_INFORMATION_FORMAT = dwarf;
				ENABLE_STRICT_OBJC_MSGSEND = YES;
				ENABLE_TESTABILITY = YES;
				GCC_C_LANGUAGE_STANDARD = gnu11;
				GCC_DYNAMIC_NO_PIC = NO;
				GCC_NO_COMMON_BLOCKS = YES;
				GCC_OPTIMIZATION_LEVEL = 0;
				GCC_PREPROCESSOR_DEFINITIONS = (
					"DEBUG=1",
					"$(inherited)",
				);
				GCC_WARN_64_TO_32_BIT_CONVERSION = YES;
				GCC_WARN_ABOUT_RETURN_TYPE = YES_ERROR;
				GCC_WARN_UNDECLARED_SELECTOR = YES;
				GCC_WARN_UNINITIALIZED_AUTOS = YES_AGGRESSIVE;
				GCC_WARN_UNUSED_FUNCTION = YES;
				GCC_WARN_UNUSED_VARIABLE = YES;
				IPHONEOS_DEPLOYMENT_TARGET = 11.4;
				MTL_ENABLE_DEBUG_INFO = YES;
				ONLY_ACTIVE_ARCH = YES;
				SDKROOT = iphoneos;
			};
			name = Debug;
		};
		58AFEAE820F490F200466896 /* Release */ = {
			isa = XCBuildConfiguration;
			buildSettings = {
				ALWAYS_SEARCH_USER_PATHS = NO;
				CLANG_ANALYZER_NONNULL = YES;
				CLANG_ANALYZER_NUMBER_OBJECT_CONVERSION = YES_AGGRESSIVE;
				CLANG_CXX_LANGUAGE_STANDARD = "gnu++14";
				CLANG_CXX_LIBRARY = "libc++";
				CLANG_ENABLE_MODULES = YES;
				CLANG_ENABLE_OBJC_ARC = YES;
				CLANG_ENABLE_OBJC_WEAK = YES;
				CLANG_WARN_BLOCK_CAPTURE_AUTORELEASING = YES;
				CLANG_WARN_BOOL_CONVERSION = YES;
				CLANG_WARN_COMMA = YES;
				CLANG_WARN_CONSTANT_CONVERSION = YES;
				CLANG_WARN_DEPRECATED_OBJC_IMPLEMENTATIONS = YES;
				CLANG_WARN_DIRECT_OBJC_ISA_USAGE = YES_ERROR;
				CLANG_WARN_DOCUMENTATION_COMMENTS = YES;
				CLANG_WARN_EMPTY_BODY = YES;
				CLANG_WARN_ENUM_CONVERSION = YES;
				CLANG_WARN_INFINITE_RECURSION = YES;
				CLANG_WARN_INT_CONVERSION = YES;
				CLANG_WARN_NON_LITERAL_NULL_CONVERSION = YES;
				CLANG_WARN_OBJC_IMPLICIT_RETAIN_SELF = YES;
				CLANG_WARN_OBJC_LITERAL_CONVERSION = YES;
				CLANG_WARN_OBJC_ROOT_CLASS = YES_ERROR;
				CLANG_WARN_RANGE_LOOP_ANALYSIS = YES;
				CLANG_WARN_STRICT_PROTOTYPES = YES;
				CLANG_WARN_SUSPICIOUS_MOVE = YES;
				CLANG_WARN_UNGUARDED_AVAILABILITY = YES_AGGRESSIVE;
				CLANG_WARN_UNREACHABLE_CODE = YES;
				CLANG_WARN__DUPLICATE_METHOD_MATCH = YES;
				CODE_SIGN_IDENTITY = "iPhone Developer";
				COPY_PHASE_STRIP = NO;
				DEBUG_INFORMATION_FORMAT = "dwarf-with-dsym";
				ENABLE_NS_ASSERTIONS = NO;
				ENABLE_STRICT_OBJC_MSGSEND = YES;
				GCC_C_LANGUAGE_STANDARD = gnu11;
				GCC_NO_COMMON_BLOCKS = YES;
				GCC_WARN_64_TO_32_BIT_CONVERSION = YES;
				GCC_WARN_ABOUT_RETURN_TYPE = YES_ERROR;
				GCC_WARN_UNDECLARED_SELECTOR = YES;
				GCC_WARN_UNINITIALIZED_AUTOS = YES_AGGRESSIVE;
				GCC_WARN_UNUSED_FUNCTION = YES;
				GCC_WARN_UNUSED_VARIABLE = YES;
				IPHONEOS_DEPLOYMENT_TARGET = 11.4;
				MTL_ENABLE_DEBUG_INFO = NO;
				SDKROOT = iphoneos;
				VALIDATE_PRODUCT = YES;
			};
			name = Release;
		};
		58AFEAEA20F490F200466896 /* Debug */ = {
			isa = XCBuildConfiguration;
			buildSettings = {
				ASSETCATALOG_COMPILER_APPICON_NAME = AppIcon;
				CODE_SIGN_STYLE = Automatic;
				DEVELOPMENT_TEAM = 72W3K954J4;
				INFOPLIST_FILE = Salaries/Info.plist;
				LD_RUNPATH_SEARCH_PATHS = (
					"$(inherited)",
					"@executable_path/Frameworks",
				);
				PRODUCT_BUNDLE_IDENTIFIER = com.serabisa.Salaries;
				PRODUCT_NAME = "$(TARGET_NAME)";
				TARGETED_DEVICE_FAMILY = "1,2";
			};
			name = Debug;
		};
		58AFEAEB20F490F200466896 /* Release */ = {
			isa = XCBuildConfiguration;
			buildSettings = {
				ASSETCATALOG_COMPILER_APPICON_NAME = AppIcon;
				CODE_SIGN_STYLE = Automatic;
				DEVELOPMENT_TEAM = 72W3K954J4;
				INFOPLIST_FILE = Salaries/Info.plist;
				LD_RUNPATH_SEARCH_PATHS = (
					"$(inherited)",
					"@executable_path/Frameworks",
				);
				PRODUCT_BUNDLE_IDENTIFIER = com.serabisa.Salaries;
				PRODUCT_NAME = "$(TARGET_NAME)";
				TARGETED_DEVICE_FAMILY = "1,2";
			};
			name = Release;
		};
		58AFEAED20F490F200466896 /* Debug */ = {
			isa = XCBuildConfiguration;
			buildSettings = {
				BUNDLE_LOADER = "$(TEST_HOST)";
				CODE_SIGN_STYLE = Automatic;
				DEVELOPMENT_TEAM = 72W3K954J4;
				INFOPLIST_FILE = SalariesTests/Info.plist;
				LD_RUNPATH_SEARCH_PATHS = (
					"$(inherited)",
					"@executable_path/Frameworks",
					"@loader_path/Frameworks",
				);
				PRODUCT_BUNDLE_IDENTIFIER = com.serabisa.SalariesTests;
				PRODUCT_NAME = "$(TARGET_NAME)";
				TARGETED_DEVICE_FAMILY = "1,2";
				TEST_HOST = "$(BUILT_PRODUCTS_DIR)/Salaries.app/Salaries";
			};
			name = Debug;
		};
		58AFEAEE20F490F200466896 /* Release */ = {
			isa = XCBuildConfiguration;
			buildSettings = {
				BUNDLE_LOADER = "$(TEST_HOST)";
				CODE_SIGN_STYLE = Automatic;
				DEVELOPMENT_TEAM = 72W3K954J4;
				INFOPLIST_FILE = SalariesTests/Info.plist;
				LD_RUNPATH_SEARCH_PATHS = (
					"$(inherited)",
					"@executable_path/Frameworks",
					"@loader_path/Frameworks",
				);
				PRODUCT_BUNDLE_IDENTIFIER = com.serabisa.SalariesTests;
				PRODUCT_NAME = "$(TARGET_NAME)";
				TARGETED_DEVICE_FAMILY = "1,2";
				TEST_HOST = "$(BUILT_PRODUCTS_DIR)/Salaries.app/Salaries";
			};
			name = Release;
		};
		58AFEAF020F490F200466896 /* Debug */ = {
			isa = XCBuildConfiguration;
			buildSettings = {
				CODE_SIGN_STYLE = Automatic;
				DEVELOPMENT_TEAM = 72W3K954J4;
				INFOPLIST_FILE = SalariesUITests/Info.plist;
				LD_RUNPATH_SEARCH_PATHS = (
					"$(inherited)",
					"@executable_path/Frameworks",
					"@loader_path/Frameworks",
				);
				PRODUCT_BUNDLE_IDENTIFIER = com.serabisa.SalariesUITests;
				PRODUCT_NAME = "$(TARGET_NAME)";
				TARGETED_DEVICE_FAMILY = "1,2";
				TEST_TARGET_NAME = Salaries;
			};
			name = Debug;
		};
		58AFEAF120F490F200466896 /* Release */ = {
			isa = XCBuildConfiguration;
			buildSettings = {
				CODE_SIGN_STYLE = Automatic;
				DEVELOPMENT_TEAM = 72W3K954J4;
				INFOPLIST_FILE = SalariesUITests/Info.plist;
				LD_RUNPATH_SEARCH_PATHS = (
					"$(inherited)",
					"@executable_path/Frameworks",
					"@loader_path/Frameworks",
				);
				PRODUCT_BUNDLE_IDENTIFIER = com.serabisa.SalariesUITests;
				PRODUCT_NAME = "$(TARGET_NAME)";
				TARGETED_DEVICE_FAMILY = "1,2";
				TEST_TARGET_NAME = Salaries;
			};
			name = Release;
		};
/* End XCBuildConfiguration section */

/* Begin XCConfigurationList section */
		58AFEAB520F490EF00466896 /* Build configuration list for PBXProject "Salaries" */ = {
			isa = XCConfigurationList;
			buildConfigurations = (
				58AFEAE720F490F200466896 /* Debug */,
				58AFEAE820F490F200466896 /* Release */,
			);
			defaultConfigurationIsVisible = 0;
			defaultConfigurationName = Release;
		};
		58AFEAE920F490F200466896 /* Build configuration list for PBXNativeTarget "Salaries" */ = {
			isa = XCConfigurationList;
			buildConfigurations = (
				58AFEAEA20F490F200466896 /* Debug */,
				58AFEAEB20F490F200466896 /* Release */,
			);
			defaultConfigurationIsVisible = 0;
			defaultConfigurationName = Release;
		};
		58AFEAEC20F490F200466896 /* Build configuration list for PBXNativeTarget "SalariesTests" */ = {
			isa = XCConfigurationList;
			buildConfigurations = (
				58AFEAED20F490F200466896 /* Debug */,
				58AFEAEE20F490F200466896 /* Release */,
			);
			defaultConfigurationIsVisible = 0;
			defaultConfigurationName = Release;
		};
		58AFEAEF20F490F200466896 /* Build configuration list for PBXNativeTarget "SalariesUITests" */ = {
			isa = XCConfigurationList;
			buildConfigurations = (
				58AFEAF020F490F200466896 /* Debug */,
				58AFEAF120F490F200466896 /* Release */,
			);
			defaultConfigurationIsVisible = 0;
			defaultConfigurationName = Release;
		};
/* End XCConfigurationList section */

/* Begin XCVersionGroup section */
		58AFEAC620F490EF00466896 /* Salaries.xcdatamodeld */ = {
			isa = XCVersionGroup;
			children = (
				58AFEAC720F490EF00466896 /* Salaries.xcdatamodel */,
			);
			currentVersion = 58AFEAC720F490EF00466896 /* Salaries.xcdatamodel */;
			path = Salaries.xcdatamodeld;
			sourceTree = "<group>";
			versionGroupType = wrapper.xcdatamodel;
		};
/* End XCVersionGroup section */
	};
	rootObject = 58AFEAB220F490EF00466896 /* Project object */;
}
